// !$*UTF8*$!
{
	archiveVersion = 1;
	classes = {
	};
	objectVersion = 51;
	objects = {

/* Begin PBXBuildFile section */
		767AAE3AAF9E29A4CA02DB32 /* libPods-YouTubeSample.a in Frameworks */ = {isa = PBXBuildFile; fileRef = 41C0A9EBE7559AC44A845423 /* libPods-YouTubeSample.a */; };
		7F0A9AEE2606A9C4003EB984 /* Extension.swift in Sources */ = {isa = PBXBuildFile; fileRef = 7F0A9AED2606A9C4003EB984 /* Extension.swift */; };
		7F1B391426061ECD009D37E3 /* YoutubeMyListViewController.swift in Sources */ = {isa = PBXBuildFile; fileRef = 7F1B391326061ECD009D37E3 /* YoutubeMyListViewController.swift */; };
		7F1B391926063523009D37E3 /* HomeViewController.swift in Sources */ = {isa = PBXBuildFile; fileRef = 7F1B391826063523009D37E3 /* HomeViewController.swift */; };
		7F1B392626063872009D37E3 /* YoutubeWindowViewController.swift in Sources */ = {isa = PBXBuildFile; fileRef = 7F1B392526063872009D37E3 /* YoutubeWindowViewController.swift */; };
		7FBE84C92605AD5A00D54E92 /* AppDelegate.swift in Sources */ = {isa = PBXBuildFile; fileRef = 7FBE84C82605AD5A00D54E92 /* AppDelegate.swift */; };
		7FBE84CB2605AD5A00D54E92 /* SceneDelegate.swift in Sources */ = {isa = PBXBuildFile; fileRef = 7FBE84CA2605AD5A00D54E92 /* SceneDelegate.swift */; };
		7FBE84D02605AD5A00D54E92 /* Main.storyboard in Resources */ = {isa = PBXBuildFile; fileRef = 7FBE84CE2605AD5A00D54E92 /* Main.storyboard */; };
		7FBE84D22605AD5B00D54E92 /* Assets.xcassets in Resources */ = {isa = PBXBuildFile; fileRef = 7FBE84D12605AD5B00D54E92 /* Assets.xcassets */; };
		7FBE84D52605AD5B00D54E92 /* LaunchScreen.storyboard in Resources */ = {isa = PBXBuildFile; fileRef = 7FBE84D32605AD5B00D54E92 /* LaunchScreen.storyboard */; };
		7FBE84E02605AD5B00D54E92 /* HappyTherapistTests.swift in Sources */ = {isa = PBXBuildFile; fileRef = 7FBE84DF2605AD5B00D54E92 /* HappyTherapistTests.swift */; };
		7FBE84EB2605AD5B00D54E92 /* HappyTherapistUITests.swift in Sources */ = {isa = PBXBuildFile; fileRef = 7FBE84EA2605AD5B00D54E92 /* HappyTherapistUITests.swift */; };
		7FBE84FC2605AD8700D54E92 /* YoutubeListViewController.swift in Sources */ = {isa = PBXBuildFile; fileRef = 7FBE84FB2605AD8700D54E92 /* YoutubeListViewController.swift */; };
		7FBE85012605E74200D54E92 /* YoutubePlayerViewController.swift in Sources */ = {isa = PBXBuildFile; fileRef = 7FBE85002605E74200D54E92 /* YoutubePlayerViewController.swift */; };
		7FDA2D592606690700E8E0D5 /* Interface.storyboard in Resources */ = {isa = PBXBuildFile; fileRef = 7FDA2D572606690700E8E0D5 /* Interface.storyboard */; };
		7FDA2D5B2606690A00E8E0D5 /* Assets.xcassets in Resources */ = {isa = PBXBuildFile; fileRef = 7FDA2D5A2606690A00E8E0D5 /* Assets.xcassets */; };
		7FDA2D622606690B00E8E0D5 /* HappyTherapistWatch Extension.appex in Embed App Extensions */ = {isa = PBXBuildFile; fileRef = 7FDA2D612606690B00E8E0D5 /* HappyTherapistWatch Extension.appex */; settings = {ATTRIBUTES = (RemoveHeadersOnCopy, ); }; };
		7FDA2D672606690B00E8E0D5 /* InterfaceController.swift in Sources */ = {isa = PBXBuildFile; fileRef = 7FDA2D662606690B00E8E0D5 /* InterfaceController.swift */; };
		7FDA2D692606690B00E8E0D5 /* ExtensionDelegate.swift in Sources */ = {isa = PBXBuildFile; fileRef = 7FDA2D682606690B00E8E0D5 /* ExtensionDelegate.swift */; };
		7FDA2D6B2606690B00E8E0D5 /* NotificationController.swift in Sources */ = {isa = PBXBuildFile; fileRef = 7FDA2D6A2606690B00E8E0D5 /* NotificationController.swift */; };
		7FDA2D6D2606690B00E8E0D5 /* ComplicationController.swift in Sources */ = {isa = PBXBuildFile; fileRef = 7FDA2D6C2606690B00E8E0D5 /* ComplicationController.swift */; };
		7FDA2D6F2606690C00E8E0D5 /* Assets.xcassets in Resources */ = {isa = PBXBuildFile; fileRef = 7FDA2D6E2606690C00E8E0D5 /* Assets.xcassets */; };
		7FDA2D742606690C00E8E0D5 /* HappyTherapistWatch.app in Embed Watch Content */ = {isa = PBXBuildFile; fileRef = 7FDA2D552606690700E8E0D5 /* HappyTherapistWatch.app */; settings = {ATTRIBUTES = (RemoveHeadersOnCopy, ); }; };
		7FDA2D832606693A00E8E0D5 /* WatchConnector.swift in Sources */ = {isa = PBXBuildFile; fileRef = 7FDA2D822606693A00E8E0D5 /* WatchConnector.swift */; };
		7FDA2D8B26066A7700E8E0D5 /* HealthKit.framework in Frameworks */ = {isa = PBXBuildFile; fileRef = 7FDA2D8A26066A7700E8E0D5 /* HealthKit.framework */; };
		7FDA2D9326066B2300E8E0D5 /* HealthKit.framework in Frameworks */ = {isa = PBXBuildFile; fileRef = 7FDA2D9226066B2300E8E0D5 /* HealthKit.framework */; };
		7FDA2D9A26066B7100E8E0D5 /* PhoneConnector.swift in Sources */ = {isa = PBXBuildFile; fileRef = 7FDA2D9926066B7100E8E0D5 /* PhoneConnector.swift */; };
		7FE79999260600E40036A32C /* HappyState.swift in Sources */ = {isa = PBXBuildFile; fileRef = 7FE79998260600E40036A32C /* HappyState.swift */; };
/* End PBXBuildFile section */

/* Begin PBXContainerItemProxy section */
		7FBE84DC2605AD5B00D54E92 /* PBXContainerItemProxy */ = {
			isa = PBXContainerItemProxy;
			containerPortal = 7FBE84BD2605AD5A00D54E92 /* Project object */;
			proxyType = 1;
			remoteGlobalIDString = 7FBE84C42605AD5A00D54E92;
			remoteInfo = YouTubeSample;
		};
		7FBE84E72605AD5B00D54E92 /* PBXContainerItemProxy */ = {
			isa = PBXContainerItemProxy;
			containerPortal = 7FBE84BD2605AD5A00D54E92 /* Project object */;
			proxyType = 1;
			remoteGlobalIDString = 7FBE84C42605AD5A00D54E92;
			remoteInfo = YouTubeSample;
		};
		7FDA2D632606690B00E8E0D5 /* PBXContainerItemProxy */ = {
			isa = PBXContainerItemProxy;
			containerPortal = 7FBE84BD2605AD5A00D54E92 /* Project object */;
			proxyType = 1;
			remoteGlobalIDString = 7FDA2D602606690B00E8E0D5;
			remoteInfo = "HappyTherapistWatch Extension";
		};
		7FDA2D722606690C00E8E0D5 /* PBXContainerItemProxy */ = {
			isa = PBXContainerItemProxy;
			containerPortal = 7FBE84BD2605AD5A00D54E92 /* Project object */;
			proxyType = 1;
			remoteGlobalIDString = 7FDA2D542606690700E8E0D5;
			remoteInfo = HappyTherapistWatch;
		};
/* End PBXContainerItemProxy section */

/* Begin PBXCopyFilesBuildPhase section */
		7FDA2D752606690C00E8E0D5 /* Embed Watch Content */ = {
			isa = PBXCopyFilesBuildPhase;
			buildActionMask = 2147483647;
			dstPath = "$(CONTENTS_FOLDER_PATH)/Watch";
			dstSubfolderSpec = 16;
			files = (
				7FDA2D742606690C00E8E0D5 /* HappyTherapistWatch.app in Embed Watch Content */,
			);
			name = "Embed Watch Content";
			runOnlyForDeploymentPostprocessing = 0;
		};
		7FDA2D782606690C00E8E0D5 /* Embed App Extensions */ = {
			isa = PBXCopyFilesBuildPhase;
			buildActionMask = 2147483647;
			dstPath = "";
			dstSubfolderSpec = 13;
			files = (
				7FDA2D622606690B00E8E0D5 /* HappyTherapistWatch Extension.appex in Embed App Extensions */,
			);
			name = "Embed App Extensions";
			runOnlyForDeploymentPostprocessing = 0;
		};
/* End PBXCopyFilesBuildPhase section */

/* Begin PBXFileReference section */
		20429B2A2042F9D33A51382E /* Pods-YouTubeSample.debug.xcconfig */ = {isa = PBXFileReference; includeInIndex = 1; lastKnownFileType = text.xcconfig; name = "Pods-YouTubeSample.debug.xcconfig"; path = "Target Support Files/Pods-YouTubeSample/Pods-YouTubeSample.debug.xcconfig"; sourceTree = "<group>"; };
		41C0A9EBE7559AC44A845423 /* libPods-YouTubeSample.a */ = {isa = PBXFileReference; explicitFileType = archive.ar; includeInIndex = 0; path = "libPods-YouTubeSample.a"; sourceTree = BUILT_PRODUCTS_DIR; };
		7F0A9AED2606A9C4003EB984 /* Extension.swift */ = {isa = PBXFileReference; lastKnownFileType = sourcecode.swift; path = Extension.swift; sourceTree = "<group>"; };
		7F1B391326061ECD009D37E3 /* YoutubeMyListViewController.swift */ = {isa = PBXFileReference; lastKnownFileType = sourcecode.swift; path = YoutubeMyListViewController.swift; sourceTree = "<group>"; };
		7F1B391826063523009D37E3 /* HomeViewController.swift */ = {isa = PBXFileReference; lastKnownFileType = sourcecode.swift; path = HomeViewController.swift; sourceTree = "<group>"; };
		7F1B392526063872009D37E3 /* YoutubeWindowViewController.swift */ = {isa = PBXFileReference; lastKnownFileType = sourcecode.swift; path = YoutubeWindowViewController.swift; sourceTree = "<group>"; };
		7F2DCEE42605F5600040407A /* BridgeHeader.h */ = {isa = PBXFileReference; lastKnownFileType = sourcecode.c.h; path = BridgeHeader.h; sourceTree = "<group>"; };
		7FBE84C52605AD5A00D54E92 /* HappyTherapist.app */ = {isa = PBXFileReference; explicitFileType = wrapper.application; includeInIndex = 0; path = HappyTherapist.app; sourceTree = BUILT_PRODUCTS_DIR; };
		7FBE84C82605AD5A00D54E92 /* AppDelegate.swift */ = {isa = PBXFileReference; lastKnownFileType = sourcecode.swift; path = AppDelegate.swift; sourceTree = "<group>"; };
		7FBE84CA2605AD5A00D54E92 /* SceneDelegate.swift */ = {isa = PBXFileReference; lastKnownFileType = sourcecode.swift; path = SceneDelegate.swift; sourceTree = "<group>"; };
		7FBE84CF2605AD5A00D54E92 /* Base */ = {isa = PBXFileReference; lastKnownFileType = file.storyboard; name = Base; path = Base.lproj/Main.storyboard; sourceTree = "<group>"; };
		7FBE84D12605AD5B00D54E92 /* Assets.xcassets */ = {isa = PBXFileReference; lastKnownFileType = folder.assetcatalog; path = Assets.xcassets; sourceTree = "<group>"; };
		7FBE84D42605AD5B00D54E92 /* Base */ = {isa = PBXFileReference; lastKnownFileType = file.storyboard; name = Base; path = Base.lproj/LaunchScreen.storyboard; sourceTree = "<group>"; };
		7FBE84D62605AD5B00D54E92 /* Info.plist */ = {isa = PBXFileReference; lastKnownFileType = text.plist.xml; path = Info.plist; sourceTree = "<group>"; };
		7FBE84DB2605AD5B00D54E92 /* HappyTherapistTests.xctest */ = {isa = PBXFileReference; explicitFileType = wrapper.cfbundle; includeInIndex = 0; path = HappyTherapistTests.xctest; sourceTree = BUILT_PRODUCTS_DIR; };
		7FBE84DF2605AD5B00D54E92 /* HappyTherapistTests.swift */ = {isa = PBXFileReference; lastKnownFileType = sourcecode.swift; path = HappyTherapistTests.swift; sourceTree = "<group>"; };
		7FBE84E12605AD5B00D54E92 /* Info.plist */ = {isa = PBXFileReference; lastKnownFileType = text.plist.xml; path = Info.plist; sourceTree = "<group>"; };
		7FBE84E62605AD5B00D54E92 /* HappyTherapistUITests.xctest */ = {isa = PBXFileReference; explicitFileType = wrapper.cfbundle; includeInIndex = 0; path = HappyTherapistUITests.xctest; sourceTree = BUILT_PRODUCTS_DIR; };
		7FBE84EA2605AD5B00D54E92 /* HappyTherapistUITests.swift */ = {isa = PBXFileReference; lastKnownFileType = sourcecode.swift; path = HappyTherapistUITests.swift; sourceTree = "<group>"; };
		7FBE84EC2605AD5B00D54E92 /* Info.plist */ = {isa = PBXFileReference; lastKnownFileType = text.plist.xml; path = Info.plist; sourceTree = "<group>"; };
		7FBE84FB2605AD8700D54E92 /* YoutubeListViewController.swift */ = {isa = PBXFileReference; lastKnownFileType = sourcecode.swift; path = YoutubeListViewController.swift; sourceTree = "<group>"; };
		7FBE85002605E74200D54E92 /* YoutubePlayerViewController.swift */ = {isa = PBXFileReference; lastKnownFileType = sourcecode.swift; path = YoutubePlayerViewController.swift; sourceTree = "<group>"; };
		7FDA2D552606690700E8E0D5 /* HappyTherapistWatch.app */ = {isa = PBXFileReference; explicitFileType = wrapper.application; includeInIndex = 0; path = HappyTherapistWatch.app; sourceTree = BUILT_PRODUCTS_DIR; };
		7FDA2D582606690700E8E0D5 /* Base */ = {isa = PBXFileReference; lastKnownFileType = file.storyboard; name = Base; path = Base.lproj/Interface.storyboard; sourceTree = "<group>"; };
		7FDA2D5A2606690A00E8E0D5 /* Assets.xcassets */ = {isa = PBXFileReference; lastKnownFileType = folder.assetcatalog; path = Assets.xcassets; sourceTree = "<group>"; };
		7FDA2D5C2606690A00E8E0D5 /* Info.plist */ = {isa = PBXFileReference; lastKnownFileType = text.plist.xml; path = Info.plist; sourceTree = "<group>"; };
		7FDA2D612606690B00E8E0D5 /* HappyTherapistWatch Extension.appex */ = {isa = PBXFileReference; explicitFileType = "wrapper.app-extension"; includeInIndex = 0; path = "HappyTherapistWatch Extension.appex"; sourceTree = BUILT_PRODUCTS_DIR; };
		7FDA2D662606690B00E8E0D5 /* InterfaceController.swift */ = {isa = PBXFileReference; lastKnownFileType = sourcecode.swift; path = InterfaceController.swift; sourceTree = "<group>"; };
		7FDA2D682606690B00E8E0D5 /* ExtensionDelegate.swift */ = {isa = PBXFileReference; lastKnownFileType = sourcecode.swift; path = ExtensionDelegate.swift; sourceTree = "<group>"; };
		7FDA2D6A2606690B00E8E0D5 /* NotificationController.swift */ = {isa = PBXFileReference; lastKnownFileType = sourcecode.swift; path = NotificationController.swift; sourceTree = "<group>"; };
		7FDA2D6C2606690B00E8E0D5 /* ComplicationController.swift */ = {isa = PBXFileReference; lastKnownFileType = sourcecode.swift; path = ComplicationController.swift; sourceTree = "<group>"; };
		7FDA2D6E2606690C00E8E0D5 /* Assets.xcassets */ = {isa = PBXFileReference; lastKnownFileType = folder.assetcatalog; path = Assets.xcassets; sourceTree = "<group>"; };
		7FDA2D702606690C00E8E0D5 /* Info.plist */ = {isa = PBXFileReference; lastKnownFileType = text.plist.xml; path = Info.plist; sourceTree = "<group>"; };
		7FDA2D712606690C00E8E0D5 /* PushNotificationPayload.apns */ = {isa = PBXFileReference; lastKnownFileType = text; path = PushNotificationPayload.apns; sourceTree = "<group>"; };
		7FDA2D822606693A00E8E0D5 /* WatchConnector.swift */ = {isa = PBXFileReference; lastKnownFileType = sourcecode.swift; path = WatchConnector.swift; sourceTree = "<group>"; };
		7FDA2D8926066A7700E8E0D5 /* HappyTherapist.entitlements */ = {isa = PBXFileReference; lastKnownFileType = text.plist.entitlements; path = HappyTherapist.entitlements; sourceTree = "<group>"; };
		7FDA2D8A26066A7700E8E0D5 /* HealthKit.framework */ = {isa = PBXFileReference; lastKnownFileType = wrapper.framework; name = HealthKit.framework; path = System/Library/Frameworks/HealthKit.framework; sourceTree = SDKROOT; };
		7FDA2D9126066B2300E8E0D5 /* HappyTherapistWatch Extension.entitlements */ = {isa = PBXFileReference; lastKnownFileType = text.plist.entitlements; path = "HappyTherapistWatch Extension.entitlements"; sourceTree = "<group>"; };
		7FDA2D9226066B2300E8E0D5 /* HealthKit.framework */ = {isa = PBXFileReference; lastKnownFileType = wrapper.framework; name = HealthKit.framework; path = Platforms/WatchOS.platform/Developer/SDKs/WatchOS7.2.sdk/System/Library/Frameworks/HealthKit.framework; sourceTree = DEVELOPER_DIR; };
		7FDA2D9926066B7100E8E0D5 /* PhoneConnector.swift */ = {isa = PBXFileReference; lastKnownFileType = sourcecode.swift; path = PhoneConnector.swift; sourceTree = "<group>"; };
		7FE79998260600E40036A32C /* HappyState.swift */ = {isa = PBXFileReference; lastKnownFileType = sourcecode.swift; path = HappyState.swift; sourceTree = "<group>"; };
		93CEC224E0EEEC299EBFC2E5 /* Pods-YouTubeSample.release.xcconfig */ = {isa = PBXFileReference; includeInIndex = 1; lastKnownFileType = text.xcconfig; name = "Pods-YouTubeSample.release.xcconfig"; path = "Target Support Files/Pods-YouTubeSample/Pods-YouTubeSample.release.xcconfig"; sourceTree = "<group>"; };
/* End PBXFileReference section */

/* Begin PBXFrameworksBuildPhase section */
		7FBE84C22605AD5A00D54E92 /* Frameworks */ = {
			isa = PBXFrameworksBuildPhase;
			buildActionMask = 2147483647;
			files = (
				767AAE3AAF9E29A4CA02DB32 /* libPods-YouTubeSample.a in Frameworks */,
				7FDA2D8B26066A7700E8E0D5 /* HealthKit.framework in Frameworks */,
			);
			runOnlyForDeploymentPostprocessing = 0;
		};
		7FBE84D82605AD5B00D54E92 /* Frameworks */ = {
			isa = PBXFrameworksBuildPhase;
			buildActionMask = 2147483647;
			files = (
			);
			runOnlyForDeploymentPostprocessing = 0;
		};
		7FBE84E32605AD5B00D54E92 /* Frameworks */ = {
			isa = PBXFrameworksBuildPhase;
			buildActionMask = 2147483647;
			files = (
			);
			runOnlyForDeploymentPostprocessing = 0;
		};
		7FDA2D5E2606690B00E8E0D5 /* Frameworks */ = {
			isa = PBXFrameworksBuildPhase;
			buildActionMask = 2147483647;
			files = (
				7FDA2D9326066B2300E8E0D5 /* HealthKit.framework in Frameworks */,
			);
			runOnlyForDeploymentPostprocessing = 0;
		};
/* End PBXFrameworksBuildPhase section */

/* Begin PBXGroup section */
		2EE8A26D27E5C4E1504F0FE7 /* Pods */ = {
			isa = PBXGroup;
			children = (
				20429B2A2042F9D33A51382E /* Pods-YouTubeSample.debug.xcconfig */,
				93CEC224E0EEEC299EBFC2E5 /* Pods-YouTubeSample.release.xcconfig */,
			);
			path = Pods;
			sourceTree = "<group>";
		};
		7FBE84BC2605AD5A00D54E92 = {
			isa = PBXGroup;
			children = (
				7FBE84C72605AD5A00D54E92 /* HappyTherapist */,
				7FBE84DE2605AD5B00D54E92 /* HappyTherapistTests */,
				7FBE84E92605AD5B00D54E92 /* HappyTherapistUITests */,
				7FDA2D562606690700E8E0D5 /* HappyTherapistWatch */,
				7FDA2D652606690B00E8E0D5 /* HappyTherapistWatch Extension */,
				7FBE84C62605AD5A00D54E92 /* Products */,
				2EE8A26D27E5C4E1504F0FE7 /* Pods */,
				DFA180746E9C0084A4884CC5 /* Frameworks */,
			);
			sourceTree = "<group>";
		};
		7FBE84C62605AD5A00D54E92 /* Products */ = {
			isa = PBXGroup;
			children = (
				7FBE84C52605AD5A00D54E92 /* HappyTherapist.app */,
				7FBE84DB2605AD5B00D54E92 /* HappyTherapistTests.xctest */,
				7FBE84E62605AD5B00D54E92 /* HappyTherapistUITests.xctest */,
				7FDA2D552606690700E8E0D5 /* HappyTherapistWatch.app */,
				7FDA2D612606690B00E8E0D5 /* HappyTherapistWatch Extension.appex */,
			);
			name = Products;
			sourceTree = "<group>";
		};
		7FBE84C72605AD5A00D54E92 /* HappyTherapist */ = {
			isa = PBXGroup;
			children = (
				7FDA2D8926066A7700E8E0D5 /* HappyTherapist.entitlements */,
				7FBE84C82605AD5A00D54E92 /* AppDelegate.swift */,
				7FBE84CA2605AD5A00D54E92 /* SceneDelegate.swift */,
				7FBE84CE2605AD5A00D54E92 /* Main.storyboard */,
				7FBE84D12605AD5B00D54E92 /* Assets.xcassets */,
				7FBE84D32605AD5B00D54E92 /* LaunchScreen.storyboard */,
				7FBE84D62605AD5B00D54E92 /* Info.plist */,
				7F1B391826063523009D37E3 /* HomeViewController.swift */,
				7FBE84FB2605AD8700D54E92 /* YoutubeListViewController.swift */,
				7FBE85002605E74200D54E92 /* YoutubePlayerViewController.swift */,
				7F1B391326061ECD009D37E3 /* YoutubeMyListViewController.swift */,
				7F1B392526063872009D37E3 /* YoutubeWindowViewController.swift */,
				7FE79998260600E40036A32C /* HappyState.swift */,
				7F2DCEE42605F5600040407A /* BridgeHeader.h */,
				7FDA2D822606693A00E8E0D5 /* WatchConnector.swift */,
				7F0A9AED2606A9C4003EB984 /* Extension.swift */,
			);
			path = HappyTherapist;
			sourceTree = "<group>";
		};
		7FBE84DE2605AD5B00D54E92 /* HappyTherapistTests */ = {
			isa = PBXGroup;
			children = (
				7FBE84DF2605AD5B00D54E92 /* HappyTherapistTests.swift */,
				7FBE84E12605AD5B00D54E92 /* Info.plist */,
			);
			path = HappyTherapistTests;
			sourceTree = "<group>";
		};
		7FBE84E92605AD5B00D54E92 /* HappyTherapistUITests */ = {
			isa = PBXGroup;
			children = (
				7FBE84EA2605AD5B00D54E92 /* HappyTherapistUITests.swift */,
				7FBE84EC2605AD5B00D54E92 /* Info.plist */,
			);
			path = HappyTherapistUITests;
			sourceTree = "<group>";
		};
		7FDA2D562606690700E8E0D5 /* HappyTherapistWatch */ = {
			isa = PBXGroup;
			children = (
				7FDA2D572606690700E8E0D5 /* Interface.storyboard */,
				7FDA2D5A2606690A00E8E0D5 /* Assets.xcassets */,
				7FDA2D5C2606690A00E8E0D5 /* Info.plist */,
			);
			path = HappyTherapistWatch;
			sourceTree = "<group>";
		};
		7FDA2D652606690B00E8E0D5 /* HappyTherapistWatch Extension */ = {
			isa = PBXGroup;
			children = (
				7FDA2D9126066B2300E8E0D5 /* HappyTherapistWatch Extension.entitlements */,
				7FDA2D662606690B00E8E0D5 /* InterfaceController.swift */,
				7FDA2D682606690B00E8E0D5 /* ExtensionDelegate.swift */,
				7FDA2D6A2606690B00E8E0D5 /* NotificationController.swift */,
				7FDA2D6C2606690B00E8E0D5 /* ComplicationController.swift */,
				7FDA2D6E2606690C00E8E0D5 /* Assets.xcassets */,
				7FDA2D702606690C00E8E0D5 /* Info.plist */,
				7FDA2D712606690C00E8E0D5 /* PushNotificationPayload.apns */,
				7FDA2D9926066B7100E8E0D5 /* PhoneConnector.swift */,
			);
			path = "HappyTherapistWatch Extension";
			sourceTree = "<group>";
		};
		DFA180746E9C0084A4884CC5 /* Frameworks */ = {
			isa = PBXGroup;
			children = (
				7FDA2D9226066B2300E8E0D5 /* HealthKit.framework */,
				7FDA2D8A26066A7700E8E0D5 /* HealthKit.framework */,
				41C0A9EBE7559AC44A845423 /* libPods-YouTubeSample.a */,
			);
			name = Frameworks;
			sourceTree = "<group>";
		};
/* End PBXGroup section */

/* Begin PBXNativeTarget section */
		7FBE84C42605AD5A00D54E92 /* HappyTherapist */ = {
			isa = PBXNativeTarget;
			buildConfigurationList = 7FBE84EF2605AD5B00D54E92 /* Build configuration list for PBXNativeTarget "HappyTherapist" */;
			buildPhases = (
				71C8BB45E87C57F02B9D0507 /* [CP] Check Pods Manifest.lock */,
				7FBE84C12605AD5A00D54E92 /* Sources */,
				7FBE84C22605AD5A00D54E92 /* Frameworks */,
				7FBE84C32605AD5A00D54E92 /* Resources */,
				571E37F2CAAC0975D3A2C54D /* [CP] Copy Pods Resources */,
				7FDA2D752606690C00E8E0D5 /* Embed Watch Content */,
			);
			buildRules = (
			);
			dependencies = (
				7FDA2D732606690C00E8E0D5 /* PBXTargetDependency */,
			);
			name = HappyTherapist;
			productName = YouTubeSample;
			productReference = 7FBE84C52605AD5A00D54E92 /* HappyTherapist.app */;
			productType = "com.apple.product-type.application";
		};
		7FBE84DA2605AD5B00D54E92 /* HappyTherapistTests */ = {
			isa = PBXNativeTarget;
			buildConfigurationList = 7FBE84F22605AD5B00D54E92 /* Build configuration list for PBXNativeTarget "HappyTherapistTests" */;
			buildPhases = (
				7FBE84D72605AD5B00D54E92 /* Sources */,
				7FBE84D82605AD5B00D54E92 /* Frameworks */,
				7FBE84D92605AD5B00D54E92 /* Resources */,
			);
			buildRules = (
			);
			dependencies = (
				7FBE84DD2605AD5B00D54E92 /* PBXTargetDependency */,
			);
			name = HappyTherapistTests;
			productName = YouTubeSampleTests;
			productReference = 7FBE84DB2605AD5B00D54E92 /* HappyTherapistTests.xctest */;
			productType = "com.apple.product-type.bundle.unit-test";
		};
		7FBE84E52605AD5B00D54E92 /* HappyTherapistUITests */ = {
			isa = PBXNativeTarget;
			buildConfigurationList = 7FBE84F52605AD5B00D54E92 /* Build configuration list for PBXNativeTarget "HappyTherapistUITests" */;
			buildPhases = (
				7FBE84E22605AD5B00D54E92 /* Sources */,
				7FBE84E32605AD5B00D54E92 /* Frameworks */,
				7FBE84E42605AD5B00D54E92 /* Resources */,
			);
			buildRules = (
			);
			dependencies = (
				7FBE84E82605AD5B00D54E92 /* PBXTargetDependency */,
			);
			name = HappyTherapistUITests;
			productName = YouTubeSampleUITests;
			productReference = 7FBE84E62605AD5B00D54E92 /* HappyTherapistUITests.xctest */;
			productType = "com.apple.product-type.bundle.ui-testing";
		};
		7FDA2D542606690700E8E0D5 /* HappyTherapistWatch */ = {
			isa = PBXNativeTarget;
			buildConfigurationList = 7FDA2D7C2606690C00E8E0D5 /* Build configuration list for PBXNativeTarget "HappyTherapistWatch" */;
			buildPhases = (
				7FDA2D532606690700E8E0D5 /* Resources */,
				7FDA2D782606690C00E8E0D5 /* Embed App Extensions */,
			);
			buildRules = (
			);
			dependencies = (
				7FDA2D642606690B00E8E0D5 /* PBXTargetDependency */,
			);
			name = HappyTherapistWatch;
			productName = HappyTherapistWatch;
			productReference = 7FDA2D552606690700E8E0D5 /* HappyTherapistWatch.app */;
			productType = "com.apple.product-type.application.watchapp2";
		};
		7FDA2D602606690B00E8E0D5 /* HappyTherapistWatch Extension */ = {
			isa = PBXNativeTarget;
			buildConfigurationList = 7FDA2D7B2606690C00E8E0D5 /* Build configuration list for PBXNativeTarget "HappyTherapistWatch Extension" */;
			buildPhases = (
				7FDA2D5D2606690B00E8E0D5 /* Sources */,
				7FDA2D5E2606690B00E8E0D5 /* Frameworks */,
				7FDA2D5F2606690B00E8E0D5 /* Resources */,
			);
			buildRules = (
			);
			dependencies = (
			);
			name = "HappyTherapistWatch Extension";
			productName = "HappyTherapistWatch Extension";
			productReference = 7FDA2D612606690B00E8E0D5 /* HappyTherapistWatch Extension.appex */;
			productType = "com.apple.product-type.watchkit2-extension";
		};
/* End PBXNativeTarget section */

/* Begin PBXProject section */
		7FBE84BD2605AD5A00D54E92 /* Project object */ = {
			isa = PBXProject;
			attributes = {
				LastSwiftUpdateCheck = 1240;
				LastUpgradeCheck = 1240;
				TargetAttributes = {
					7FBE84C42605AD5A00D54E92 = {
						CreatedOnToolsVersion = 12.4;
					};
					7FBE84DA2605AD5B00D54E92 = {
						CreatedOnToolsVersion = 12.4;
						TestTargetID = 7FBE84C42605AD5A00D54E92;
					};
					7FBE84E52605AD5B00D54E92 = {
						CreatedOnToolsVersion = 12.4;
						TestTargetID = 7FBE84C42605AD5A00D54E92;
					};
					7FDA2D542606690700E8E0D5 = {
						CreatedOnToolsVersion = 12.4;
					};
					7FDA2D602606690B00E8E0D5 = {
						CreatedOnToolsVersion = 12.4;
					};
				};
			};
			buildConfigurationList = 7FBE84C02605AD5A00D54E92 /* Build configuration list for PBXProject "HappyTherapist" */;
			compatibilityVersion = "Xcode 9.3";
			developmentRegion = en;
			hasScannedForEncodings = 0;
			knownRegions = (
				en,
				Base,
			);
			mainGroup = 7FBE84BC2605AD5A00D54E92;
			productRefGroup = 7FBE84C62605AD5A00D54E92 /* Products */;
			projectDirPath = "";
			projectRoot = "";
			targets = (
				7FBE84C42605AD5A00D54E92 /* HappyTherapist */,
				7FBE84DA2605AD5B00D54E92 /* HappyTherapistTests */,
				7FBE84E52605AD5B00D54E92 /* HappyTherapistUITests */,
				7FDA2D542606690700E8E0D5 /* HappyTherapistWatch */,
				7FDA2D602606690B00E8E0D5 /* HappyTherapistWatch Extension */,
			);
		};
/* End PBXProject section */

/* Begin PBXResourcesBuildPhase section */
		7FBE84C32605AD5A00D54E92 /* Resources */ = {
			isa = PBXResourcesBuildPhase;
			buildActionMask = 2147483647;
			files = (
				7FBE84D52605AD5B00D54E92 /* LaunchScreen.storyboard in Resources */,
				7FBE84D22605AD5B00D54E92 /* Assets.xcassets in Resources */,
				7FBE84D02605AD5A00D54E92 /* Main.storyboard in Resources */,
			);
			runOnlyForDeploymentPostprocessing = 0;
		};
		7FBE84D92605AD5B00D54E92 /* Resources */ = {
			isa = PBXResourcesBuildPhase;
			buildActionMask = 2147483647;
			files = (
			);
			runOnlyForDeploymentPostprocessing = 0;
		};
		7FBE84E42605AD5B00D54E92 /* Resources */ = {
			isa = PBXResourcesBuildPhase;
			buildActionMask = 2147483647;
			files = (
			);
			runOnlyForDeploymentPostprocessing = 0;
		};
		7FDA2D532606690700E8E0D5 /* Resources */ = {
			isa = PBXResourcesBuildPhase;
			buildActionMask = 2147483647;
			files = (
				7FDA2D5B2606690A00E8E0D5 /* Assets.xcassets in Resources */,
				7FDA2D592606690700E8E0D5 /* Interface.storyboard in Resources */,
			);
			runOnlyForDeploymentPostprocessing = 0;
		};
		7FDA2D5F2606690B00E8E0D5 /* Resources */ = {
			isa = PBXResourcesBuildPhase;
			buildActionMask = 2147483647;
			files = (
				7FDA2D6F2606690C00E8E0D5 /* Assets.xcassets in Resources */,
			);
			runOnlyForDeploymentPostprocessing = 0;
		};
/* End PBXResourcesBuildPhase section */

/* Begin PBXShellScriptBuildPhase section */
		571E37F2CAAC0975D3A2C54D /* [CP] Copy Pods Resources */ = {
			isa = PBXShellScriptBuildPhase;
			buildActionMask = 2147483647;
			files = (
			);
			inputFileListPaths = (
				"${PODS_ROOT}/Target Support Files/Pods-YouTubeSample/Pods-YouTubeSample-resources-${CONFIGURATION}-input-files.xcfilelist",
			);
			name = "[CP] Copy Pods Resources";
			outputFileListPaths = (
				"${PODS_ROOT}/Target Support Files/Pods-YouTubeSample/Pods-YouTubeSample-resources-${CONFIGURATION}-output-files.xcfilelist",
			);
			runOnlyForDeploymentPostprocessing = 0;
			shellPath = /bin/sh;
			shellScript = "\"${PODS_ROOT}/Target Support Files/Pods-YouTubeSample/Pods-YouTubeSample-resources.sh\"\n";
			showEnvVarsInLog = 0;
		};
		71C8BB45E87C57F02B9D0507 /* [CP] Check Pods Manifest.lock */ = {
			isa = PBXShellScriptBuildPhase;
			buildActionMask = 2147483647;
			files = (
			);
			inputFileListPaths = (
			);
			inputPaths = (
				"${PODS_PODFILE_DIR_PATH}/Podfile.lock",
				"${PODS_ROOT}/Manifest.lock",
			);
			name = "[CP] Check Pods Manifest.lock";
			outputFileListPaths = (
			);
			outputPaths = (
				"$(DERIVED_FILE_DIR)/Pods-YouTubeSample-checkManifestLockResult.txt",
			);
			runOnlyForDeploymentPostprocessing = 0;
			shellPath = /bin/sh;
			shellScript = "diff \"${PODS_PODFILE_DIR_PATH}/Podfile.lock\" \"${PODS_ROOT}/Manifest.lock\" > /dev/null\nif [ $? != 0 ] ; then\n    # print error to STDERR\n    echo \"error: The sandbox is not in sync with the Podfile.lock. Run 'pod install' or update your CocoaPods installation.\" >&2\n    exit 1\nfi\n# This output is used by Xcode 'outputs' to avoid re-running this script phase.\necho \"SUCCESS\" > \"${SCRIPT_OUTPUT_FILE_0}\"\n";
			showEnvVarsInLog = 0;
		};
/* End PBXShellScriptBuildPhase section */

/* Begin PBXSourcesBuildPhase section */
		7FBE84C12605AD5A00D54E92 /* Sources */ = {
			isa = PBXSourcesBuildPhase;
			buildActionMask = 2147483647;
			files = (
				7F1B392626063872009D37E3 /* YoutubeWindowViewController.swift in Sources */,
				7FDA2D832606693A00E8E0D5 /* WatchConnector.swift in Sources */,
				7FBE85012605E74200D54E92 /* YoutubePlayerViewController.swift in Sources */,
				7F1B391426061ECD009D37E3 /* YoutubeMyListViewController.swift in Sources */,
				7F1B391926063523009D37E3 /* HomeViewController.swift in Sources */,
				7F0A9AEE2606A9C4003EB984 /* Extension.swift in Sources */,
				7FBE84C92605AD5A00D54E92 /* AppDelegate.swift in Sources */,
				7FBE84FC2605AD8700D54E92 /* YoutubeListViewController.swift in Sources */,
				7FE79999260600E40036A32C /* HappyState.swift in Sources */,
				7FBE84CB2605AD5A00D54E92 /* SceneDelegate.swift in Sources */,
			);
			runOnlyForDeploymentPostprocessing = 0;
		};
		7FBE84D72605AD5B00D54E92 /* Sources */ = {
			isa = PBXSourcesBuildPhase;
			buildActionMask = 2147483647;
			files = (
				7FBE84E02605AD5B00D54E92 /* HappyTherapistTests.swift in Sources */,
			);
			runOnlyForDeploymentPostprocessing = 0;
		};
		7FBE84E22605AD5B00D54E92 /* Sources */ = {
			isa = PBXSourcesBuildPhase;
			buildActionMask = 2147483647;
			files = (
				7FBE84EB2605AD5B00D54E92 /* HappyTherapistUITests.swift in Sources */,
			);
			runOnlyForDeploymentPostprocessing = 0;
		};
		7FDA2D5D2606690B00E8E0D5 /* Sources */ = {
			isa = PBXSourcesBuildPhase;
			buildActionMask = 2147483647;
			files = (
				7FDA2D6B2606690B00E8E0D5 /* NotificationController.swift in Sources */,
				7FDA2D9A26066B7100E8E0D5 /* PhoneConnector.swift in Sources */,
				7FDA2D6D2606690B00E8E0D5 /* ComplicationController.swift in Sources */,
				7FDA2D692606690B00E8E0D5 /* ExtensionDelegate.swift in Sources */,
				7FDA2D672606690B00E8E0D5 /* InterfaceController.swift in Sources */,
			);
			runOnlyForDeploymentPostprocessing = 0;
		};
/* End PBXSourcesBuildPhase section */

/* Begin PBXTargetDependency section */
		7FBE84DD2605AD5B00D54E92 /* PBXTargetDependency */ = {
			isa = PBXTargetDependency;
			target = 7FBE84C42605AD5A00D54E92 /* HappyTherapist */;
			targetProxy = 7FBE84DC2605AD5B00D54E92 /* PBXContainerItemProxy */;
		};
		7FBE84E82605AD5B00D54E92 /* PBXTargetDependency */ = {
			isa = PBXTargetDependency;
			target = 7FBE84C42605AD5A00D54E92 /* HappyTherapist */;
			targetProxy = 7FBE84E72605AD5B00D54E92 /* PBXContainerItemProxy */;
		};
		7FDA2D642606690B00E8E0D5 /* PBXTargetDependency */ = {
			isa = PBXTargetDependency;
			target = 7FDA2D602606690B00E8E0D5 /* HappyTherapistWatch Extension */;
			targetProxy = 7FDA2D632606690B00E8E0D5 /* PBXContainerItemProxy */;
		};
		7FDA2D732606690C00E8E0D5 /* PBXTargetDependency */ = {
			isa = PBXTargetDependency;
			target = 7FDA2D542606690700E8E0D5 /* HappyTherapistWatch */;
			targetProxy = 7FDA2D722606690C00E8E0D5 /* PBXContainerItemProxy */;
		};
/* End PBXTargetDependency section */

/* Begin PBXVariantGroup section */
		7FBE84CE2605AD5A00D54E92 /* Main.storyboard */ = {
			isa = PBXVariantGroup;
			children = (
				7FBE84CF2605AD5A00D54E92 /* Base */,
			);
			name = Main.storyboard;
			sourceTree = "<group>";
		};
		7FBE84D32605AD5B00D54E92 /* LaunchScreen.storyboard */ = {
			isa = PBXVariantGroup;
			children = (
				7FBE84D42605AD5B00D54E92 /* Base */,
			);
			name = LaunchScreen.storyboard;
			sourceTree = "<group>";
		};
		7FDA2D572606690700E8E0D5 /* Interface.storyboard */ = {
			isa = PBXVariantGroup;
			children = (
				7FDA2D582606690700E8E0D5 /* Base */,
			);
			name = Interface.storyboard;
			sourceTree = "<group>";
		};
/* End PBXVariantGroup section */

/* Begin XCBuildConfiguration section */
		7FBE84ED2605AD5B00D54E92 /* Debug */ = {
			isa = XCBuildConfiguration;
			buildSettings = {
				ALWAYS_SEARCH_USER_PATHS = NO;
				CLANG_ANALYZER_NONNULL = YES;
				CLANG_ANALYZER_NUMBER_OBJECT_CONVERSION = YES_AGGRESSIVE;
				CLANG_CXX_LANGUAGE_STANDARD = "gnu++14";
				CLANG_CXX_LIBRARY = "libc++";
				CLANG_ENABLE_MODULES = YES;
				CLANG_ENABLE_OBJC_ARC = YES;
				CLANG_ENABLE_OBJC_WEAK = YES;
				CLANG_WARN_BLOCK_CAPTURE_AUTORELEASING = YES;
				CLANG_WARN_BOOL_CONVERSION = YES;
				CLANG_WARN_COMMA = YES;
				CLANG_WARN_CONSTANT_CONVERSION = YES;
				CLANG_WARN_DEPRECATED_OBJC_IMPLEMENTATIONS = YES;
				CLANG_WARN_DIRECT_OBJC_ISA_USAGE = YES_ERROR;
				CLANG_WARN_DOCUMENTATION_COMMENTS = YES;
				CLANG_WARN_EMPTY_BODY = YES;
				CLANG_WARN_ENUM_CONVERSION = YES;
				CLANG_WARN_INFINITE_RECURSION = YES;
				CLANG_WARN_INT_CONVERSION = YES;
				CLANG_WARN_NON_LITERAL_NULL_CONVERSION = YES;
				CLANG_WARN_OBJC_IMPLICIT_RETAIN_SELF = YES;
				CLANG_WARN_OBJC_LITERAL_CONVERSION = YES;
				CLANG_WARN_OBJC_ROOT_CLASS = YES_ERROR;
				CLANG_WARN_QUOTED_INCLUDE_IN_FRAMEWORK_HEADER = YES;
				CLANG_WARN_RANGE_LOOP_ANALYSIS = YES;
				CLANG_WARN_STRICT_PROTOTYPES = YES;
				CLANG_WARN_SUSPICIOUS_MOVE = YES;
				CLANG_WARN_UNGUARDED_AVAILABILITY = YES_AGGRESSIVE;
				CLANG_WARN_UNREACHABLE_CODE = YES;
				CLANG_WARN__DUPLICATE_METHOD_MATCH = YES;
				COPY_PHASE_STRIP = NO;
				DEBUG_INFORMATION_FORMAT = dwarf;
				ENABLE_STRICT_OBJC_MSGSEND = YES;
				ENABLE_TESTABILITY = YES;
				GCC_C_LANGUAGE_STANDARD = gnu11;
				GCC_DYNAMIC_NO_PIC = NO;
				GCC_NO_COMMON_BLOCKS = YES;
				GCC_OPTIMIZATION_LEVEL = 0;
				GCC_PREPROCESSOR_DEFINITIONS = (
					"DEBUG=1",
					"$(inherited)",
				);
				GCC_WARN_64_TO_32_BIT_CONVERSION = YES;
				GCC_WARN_ABOUT_RETURN_TYPE = YES_ERROR;
				GCC_WARN_UNDECLARED_SELECTOR = YES;
				GCC_WARN_UNINITIALIZED_AUTOS = YES_AGGRESSIVE;
				GCC_WARN_UNUSED_FUNCTION = YES;
				GCC_WARN_UNUSED_VARIABLE = YES;
				IPHONEOS_DEPLOYMENT_TARGET = 14.4;
				MTL_ENABLE_DEBUG_INFO = INCLUDE_SOURCE;
				MTL_FAST_MATH = YES;
				ONLY_ACTIVE_ARCH = YES;
				SDKROOT = iphoneos;
				SWIFT_ACTIVE_COMPILATION_CONDITIONS = DEBUG;
				SWIFT_OPTIMIZATION_LEVEL = "-Onone";
			};
			name = Debug;
		};
		7FBE84EE2605AD5B00D54E92 /* Release */ = {
			isa = XCBuildConfiguration;
			buildSettings = {
				ALWAYS_SEARCH_USER_PATHS = NO;
				CLANG_ANALYZER_NONNULL = YES;
				CLANG_ANALYZER_NUMBER_OBJECT_CONVERSION = YES_AGGRESSIVE;
				CLANG_CXX_LANGUAGE_STANDARD = "gnu++14";
				CLANG_CXX_LIBRARY = "libc++";
				CLANG_ENABLE_MODULES = YES;
				CLANG_ENABLE_OBJC_ARC = YES;
				CLANG_ENABLE_OBJC_WEAK = YES;
				CLANG_WARN_BLOCK_CAPTURE_AUTORELEASING = YES;
				CLANG_WARN_BOOL_CONVERSION = YES;
				CLANG_WARN_COMMA = YES;
				CLANG_WARN_CONSTANT_CONVERSION = YES;
				CLANG_WARN_DEPRECATED_OBJC_IMPLEMENTATIONS = YES;
				CLANG_WARN_DIRECT_OBJC_ISA_USAGE = YES_ERROR;
				CLANG_WARN_DOCUMENTATION_COMMENTS = YES;
				CLANG_WARN_EMPTY_BODY = YES;
				CLANG_WARN_ENUM_CONVERSION = YES;
				CLANG_WARN_INFINITE_RECURSION = YES;
				CLANG_WARN_INT_CONVERSION = YES;
				CLANG_WARN_NON_LITERAL_NULL_CONVERSION = YES;
				CLANG_WARN_OBJC_IMPLICIT_RETAIN_SELF = YES;
				CLANG_WARN_OBJC_LITERAL_CONVERSION = YES;
				CLANG_WARN_OBJC_ROOT_CLASS = YES_ERROR;
				CLANG_WARN_QUOTED_INCLUDE_IN_FRAMEWORK_HEADER = YES;
				CLANG_WARN_RANGE_LOOP_ANALYSIS = YES;
				CLANG_WARN_STRICT_PROTOTYPES = YES;
				CLANG_WARN_SUSPICIOUS_MOVE = YES;
				CLANG_WARN_UNGUARDED_AVAILABILITY = YES_AGGRESSIVE;
				CLANG_WARN_UNREACHABLE_CODE = YES;
				CLANG_WARN__DUPLICATE_METHOD_MATCH = YES;
				COPY_PHASE_STRIP = NO;
				DEBUG_INFORMATION_FORMAT = "dwarf-with-dsym";
				ENABLE_NS_ASSERTIONS = NO;
				ENABLE_STRICT_OBJC_MSGSEND = YES;
				GCC_C_LANGUAGE_STANDARD = gnu11;
				GCC_NO_COMMON_BLOCKS = YES;
				GCC_WARN_64_TO_32_BIT_CONVERSION = YES;
				GCC_WARN_ABOUT_RETURN_TYPE = YES_ERROR;
				GCC_WARN_UNDECLARED_SELECTOR = YES;
				GCC_WARN_UNINITIALIZED_AUTOS = YES_AGGRESSIVE;
				GCC_WARN_UNUSED_FUNCTION = YES;
				GCC_WARN_UNUSED_VARIABLE = YES;
				IPHONEOS_DEPLOYMENT_TARGET = 14.4;
				MTL_ENABLE_DEBUG_INFO = NO;
				MTL_FAST_MATH = YES;
				SDKROOT = iphoneos;
				SWIFT_COMPILATION_MODE = wholemodule;
				SWIFT_OPTIMIZATION_LEVEL = "-O";
				VALIDATE_PRODUCT = YES;
			};
			name = Release;
		};
		7FBE84F02605AD5B00D54E92 /* Debug */ = {
			isa = XCBuildConfiguration;
			baseConfigurationReference = 20429B2A2042F9D33A51382E /* Pods-YouTubeSample.debug.xcconfig */;
			buildSettings = {
				ASSETCATALOG_COMPILER_APPICON_NAME = AppIcon;
				ASSETCATALOG_COMPILER_GLOBAL_ACCENT_COLOR_NAME = AccentColor;
				CODE_SIGN_ENTITLEMENTS = HappyTherapist/HappyTherapist.entitlements;
				CODE_SIGN_STYLE = Automatic;
				DEVELOPMENT_TEAM = U435EYR422;
				INFOPLIST_FILE = HappyTherapist/Info.plist;
				LD_RUNPATH_SEARCH_PATHS = (
					"$(inherited)",
					"@executable_path/Frameworks",
				);
				PRODUCT_BUNDLE_IDENTIFIER = AppAcademia.HappyTherapist;
				PRODUCT_NAME = "$(TARGET_NAME)";
				SWIFT_OBJC_BRIDGING_HEADER = HappyTherapist/BridgeHeader.h;
				SWIFT_VERSION = 5.0;
				TARGETED_DEVICE_FAMILY = "1,2";
			};
			name = Debug;
		};
		7FBE84F12605AD5B00D54E92 /* Release */ = {
			isa = XCBuildConfiguration;
			baseConfigurationReference = 93CEC224E0EEEC299EBFC2E5 /* Pods-YouTubeSample.release.xcconfig */;
			buildSettings = {
				ASSETCATALOG_COMPILER_APPICON_NAME = AppIcon;
				ASSETCATALOG_COMPILER_GLOBAL_ACCENT_COLOR_NAME = AccentColor;
				CODE_SIGN_ENTITLEMENTS = HappyTherapist/HappyTherapist.entitlements;
				CODE_SIGN_STYLE = Automatic;
				DEVELOPMENT_TEAM = U435EYR422;
				INFOPLIST_FILE = HappyTherapist/Info.plist;
				LD_RUNPATH_SEARCH_PATHS = (
					"$(inherited)",
					"@executable_path/Frameworks",
				);
				PRODUCT_BUNDLE_IDENTIFIER = AppAcademia.HappyTherapist;
				PRODUCT_NAME = "$(TARGET_NAME)";
				SWIFT_OBJC_BRIDGING_HEADER = HappyTherapist/BridgeHeader.h;
				"SWIFT_OBJC_BRIDGING_HEADER[arch=*]" = "";
				SWIFT_VERSION = 5.0;
				TARGETED_DEVICE_FAMILY = "1,2";
			};
			name = Release;
		};
		7FBE84F32605AD5B00D54E92 /* Debug */ = {
			isa = XCBuildConfiguration;
			buildSettings = {
				ALWAYS_EMBED_SWIFT_STANDARD_LIBRARIES = YES;
				BUNDLE_LOADER = "$(TEST_HOST)";
				CODE_SIGN_STYLE = Automatic;
				DEVELOPMENT_TEAM = U435EYR422;
				INFOPLIST_FILE = HappyTherapistTests/Info.plist;
				IPHONEOS_DEPLOYMENT_TARGET = 14.4;
				LD_RUNPATH_SEARCH_PATHS = (
					"$(inherited)",
					"@executable_path/Frameworks",
					"@loader_path/Frameworks",
				);
				PRODUCT_BUNDLE_IDENTIFIER = AppAcademia.HappyTherapistTests;
				PRODUCT_NAME = "$(TARGET_NAME)";
				SWIFT_VERSION = 5.0;
				TARGETED_DEVICE_FAMILY = "1,2";
				TEST_HOST = "$(BUILT_PRODUCTS_DIR)/HappyTherapist.app/HappyTherapist";
			};
			name = Debug;
		};
		7FBE84F42605AD5B00D54E92 /* Release */ = {
			isa = XCBuildConfiguration;
			buildSettings = {
				ALWAYS_EMBED_SWIFT_STANDARD_LIBRARIES = YES;
				BUNDLE_LOADER = "$(TEST_HOST)";
				CODE_SIGN_STYLE = Automatic;
				DEVELOPMENT_TEAM = U435EYR422;
				INFOPLIST_FILE = HappyTherapistTests/Info.plist;
				IPHONEOS_DEPLOYMENT_TARGET = 14.4;
				LD_RUNPATH_SEARCH_PATHS = (
					"$(inherited)",
					"@executable_path/Frameworks",
					"@loader_path/Frameworks",
				);
				PRODUCT_BUNDLE_IDENTIFIER = AppAcademia.HappyTherapistTests;
				PRODUCT_NAME = "$(TARGET_NAME)";
				SWIFT_VERSION = 5.0;
				TARGETED_DEVICE_FAMILY = "1,2";
				TEST_HOST = "$(BUILT_PRODUCTS_DIR)/HappyTherapist.app/HappyTherapist";
			};
			name = Release;
		};
		7FBE84F62605AD5B00D54E92 /* Debug */ = {
			isa = XCBuildConfiguration;
			buildSettings = {
				ALWAYS_EMBED_SWIFT_STANDARD_LIBRARIES = YES;
				CODE_SIGN_STYLE = Automatic;
				DEVELOPMENT_TEAM = U435EYR422;
				INFOPLIST_FILE = HappyTherapistUITests/Info.plist;
				LD_RUNPATH_SEARCH_PATHS = (
					"$(inherited)",
					"@executable_path/Frameworks",
					"@loader_path/Frameworks",
				);
				PRODUCT_BUNDLE_IDENTIFIER = AppAcademia.HappyTherapistUITests;
				PRODUCT_NAME = "$(TARGET_NAME)";
				SWIFT_VERSION = 5.0;
				TARGETED_DEVICE_FAMILY = "1,2";
				TEST_TARGET_NAME = HappyTherapist;
			};
			name = Debug;
		};
		7FBE84F72605AD5B00D54E92 /* Release */ = {
			isa = XCBuildConfiguration;
			buildSettings = {
				ALWAYS_EMBED_SWIFT_STANDARD_LIBRARIES = YES;
				CODE_SIGN_STYLE = Automatic;
				DEVELOPMENT_TEAM = U435EYR422;
				INFOPLIST_FILE = HappyTherapistUITests/Info.plist;
				LD_RUNPATH_SEARCH_PATHS = (
					"$(inherited)",
					"@executable_path/Frameworks",
					"@loader_path/Frameworks",
				);
				PRODUCT_BUNDLE_IDENTIFIER = AppAcademia.HappyTherapistUITests;
				PRODUCT_NAME = "$(TARGET_NAME)";
				SWIFT_VERSION = 5.0;
				TARGETED_DEVICE_FAMILY = "1,2";
				TEST_TARGET_NAME = HappyTherapist;
			};
			name = Release;
		};
		7FDA2D762606690C00E8E0D5 /* Debug */ = {
			isa = XCBuildConfiguration;
			buildSettings = {
				ALWAYS_EMBED_SWIFT_STANDARD_LIBRARIES = YES;
				ASSETCATALOG_COMPILER_APPICON_NAME = AppIcon;
				ASSETCATALOG_COMPILER_GLOBAL_ACCENT_COLOR_NAME = AccentColor;
				CODE_SIGN_STYLE = Automatic;
				DEVELOPMENT_TEAM = U435EYR422;
				IBSC_MODULE = HappyTherapistWatch_Extension;
				INFOPLIST_FILE = HappyTherapistWatch/Info.plist;
				PRODUCT_BUNDLE_IDENTIFIER = AppAcademia.HappyTherapist.watchkitapp;
				PRODUCT_NAME = "$(TARGET_NAME)";
				SDKROOT = watchos;
				SKIP_INSTALL = YES;
				SWIFT_VERSION = 5.0;
				TARGETED_DEVICE_FAMILY = 4;
				WATCHOS_DEPLOYMENT_TARGET = 7.2;
			};
			name = Debug;
		};
		7FDA2D772606690C00E8E0D5 /* Release */ = {
			isa = XCBuildConfiguration;
			buildSettings = {
				ALWAYS_EMBED_SWIFT_STANDARD_LIBRARIES = YES;
				ASSETCATALOG_COMPILER_APPICON_NAME = AppIcon;
				ASSETCATALOG_COMPILER_GLOBAL_ACCENT_COLOR_NAME = AccentColor;
				CODE_SIGN_STYLE = Automatic;
				DEVELOPMENT_TEAM = U435EYR422;
				IBSC_MODULE = HappyTherapistWatch_Extension;
				INFOPLIST_FILE = HappyTherapistWatch/Info.plist;
				PRODUCT_BUNDLE_IDENTIFIER = AppAcademia.HappyTherapist.watchkitapp;
				PRODUCT_NAME = "$(TARGET_NAME)";
				SDKROOT = watchos;
				SKIP_INSTALL = YES;
				SWIFT_VERSION = 5.0;
				TARGETED_DEVICE_FAMILY = 4;
				WATCHOS_DEPLOYMENT_TARGET = 7.2;
			};
			name = Release;
		};
		7FDA2D792606690C00E8E0D5 /* Debug */ = {
			isa = XCBuildConfiguration;
			buildSettings = {
				ASSETCATALOG_COMPILER_COMPLICATION_NAME = Complication;
				CODE_SIGN_ENTITLEMENTS = "HappyTherapistWatch Extension/HappyTherapistWatch Extension.entitlements";
				CODE_SIGN_STYLE = Automatic;
				DEVELOPMENT_TEAM = U435EYR422;
				INFOPLIST_FILE = "HappyTherapistWatch Extension/Info.plist";
				LD_RUNPATH_SEARCH_PATHS = (
					"$(inherited)",
					"@executable_path/Frameworks",
					"@executable_path/../../Frameworks",
				);
				PRODUCT_BUNDLE_IDENTIFIER = AppAcademia.HappyTherapist.watchkitapp.watchkitextension;
				PRODUCT_NAME = "${TARGET_NAME}";
				SDKROOT = watchos;
				SKIP_INSTALL = YES;
				SWIFT_VERSION = 5.0;
				TARGETED_DEVICE_FAMILY = 4;
				WATCHOS_DEPLOYMENT_TARGET = 7.2;
			};
			name = Debug;
		};
		7FDA2D7A2606690C00E8E0D5 /* Release */ = {
			isa = XCBuildConfiguration;
			buildSettings = {
				ASSETCATALOG_COMPILER_COMPLICATION_NAME = Complication;
				CODE_SIGN_ENTITLEMENTS = "HappyTherapistWatch Extension/HappyTherapistWatch Extension.entitlements";
				CODE_SIGN_STYLE = Automatic;
				DEVELOPMENT_TEAM = U435EYR422;
				INFOPLIST_FILE = "HappyTherapistWatch Extension/Info.plist";
				LD_RUNPATH_SEARCH_PATHS = (
					"$(inherited)",
					"@executable_path/Frameworks",
					"@executable_path/../../Frameworks",
				);
				PRODUCT_BUNDLE_IDENTIFIER = AppAcademia.HappyTherapist.watchkitapp.watchkitextension;
				PRODUCT_NAME = "${TARGET_NAME}";
				SDKROOT = watchos;
				SKIP_INSTALL = YES;
				SWIFT_VERSION = 5.0;
				TARGETED_DEVICE_FAMILY = 4;
				WATCHOS_DEPLOYMENT_TARGET = 7.2;
			};
			name = Release;
		};
/* End XCBuildConfiguration section */

/* Begin XCConfigurationList section */
		7FBE84C02605AD5A00D54E92 /* Build configuration list for PBXProject "HappyTherapist" */ = {
			isa = XCConfigurationList;
			buildConfigurations = (
				7FBE84ED2605AD5B00D54E92 /* Debug */,
				7FBE84EE2605AD5B00D54E92 /* Release */,
			);
			defaultConfigurationIsVisible = 0;
			defaultConfigurationName = Release;
		};
		7FBE84EF2605AD5B00D54E92 /* Build configuration list for PBXNativeTarget "HappyTherapist" */ = {
			isa = XCConfigurationList;
			buildConfigurations = (
				7FBE84F02605AD5B00D54E92 /* Debug */,
				7FBE84F12605AD5B00D54E92 /* Release */,
			);
			defaultConfigurationIsVisible = 0;
			defaultConfigurationName = Release;
		};
		7FBE84F22605AD5B00D54E92 /* Build configuration list for PBXNativeTarget "HappyTherapistTests" */ = {
			isa = XCConfigurationList;
			buildConfigurations = (
				7FBE84F32605AD5B00D54E92 /* Debug */,
				7FBE84F42605AD5B00D54E92 /* Release */,
			);
			defaultConfigurationIsVisible = 0;
			defaultConfigurationName = Release;
		};
		7FBE84F52605AD5B00D54E92 /* Build configuration list for PBXNativeTarget "HappyTherapistUITests" */ = {
			isa = XCConfigurationList;
			buildConfigurations = (
				7FBE84F62605AD5B00D54E92 /* Debug */,
				7FBE84F72605AD5B00D54E92 /* Release */,
			);
			defaultConfigurationIsVisible = 0;
			defaultConfigurationName = Release;
		};
		7FDA2D7B2606690C00E8E0D5 /* Build configuration list for PBXNativeTarget "HappyTherapistWatch Extension" */ = {
			isa = XCConfigurationList;
			buildConfigurations = (
				7FDA2D792606690C00E8E0D5 /* Debug */,
				7FDA2D7A2606690C00E8E0D5 /* Release */,
			);
			defaultConfigurationIsVisible = 0;
			defaultConfigurationName = Release;
		};
		7FDA2D7C2606690C00E8E0D5 /* Build configuration list for PBXNativeTarget "HappyTherapistWatch" */ = {
			isa = XCConfigurationList;
			buildConfigurations = (
				7FDA2D762606690C00E8E0D5 /* Debug */,
				7FDA2D772606690C00E8E0D5 /* Release */,
			);
			defaultConfigurationIsVisible = 0;
			defaultConfigurationName = Release;
		};
/* End XCConfigurationList section */
	};
	rootObject = 7FBE84BD2605AD5A00D54E92 /* Project object */;
}
